<?xml version="1.0" encoding="utf-8"?>
<Project ToolsVersion="4.0" xmlns="http://schemas.microsoft.com/developer/msbuild/2003">
  <ItemGroup>
    <Filter Include="src">
      <UniqueIdentifier>{4FC737F1-C7A5-4376-A066-2A32D752A2FF}</UniqueIdentifier>
      <Extensions>cpp;c;cc;cxx;def;odl;idl;hpj;bat;asm;asmx</Extensions>
    </Filter>
    <Filter Include="core">
      <UniqueIdentifier>{93995380-89BD-4b04-88EB-625FBE52EBFB}</UniqueIdentifier>
      <Extensions>h;hh;hpp;hxx;hm;inl;inc;xsd</Extensions>
    </Filter>
    <Filter Include="imgproc">
      <UniqueIdentifier>{a43194fb-86fb-41a5-b669-3f7065024d25}</UniqueIdentifier>
    </Filter>
    <Filter Include="utils">
      <UniqueIdentifier>{46f99833-0931-4774-b73f-94b0bcb8be1d}</UniqueIdentifier>
    </Filter>
  </ItemGroup>
  <ItemGroup>
    <ClCompile Include="..\main.cpp">
      <Filter>src</Filter>
    </ClCompile>
    <ClCompile Include="..\src\imgproc\imgproc.cpp">
      <Filter>imgproc</Filter>
    </ClCompile>
    <ClCompile Include="..\src\utils\utility.cpp">
      <Filter>utils</Filter>
    </ClCompile>
    <ClCompile Include="..\src\core\core.cpp">
      <Filter>core</Filter>
    </ClCompile>
  </ItemGroup>
  <ItemGroup>
    <ClInclude Include="..\src\core\core.h">
      <Filter>core</Filter>
    </ClInclude>
    <ClInclude Include="..\src\imgproc\imgproc.h">
      <Filter>imgproc</Filter>
    </ClInclude>
    <ClInclude Include="..\src\utils\utility.h">
      <Filter>utils</Filter>
    </ClInclude>
    <ClInclude Include="..\src\pch.h">
      <Filter>core</Filter>
    </ClInclude>
    <ClInclude Include="..\src\core\matop.h">
      <Filter>core</Filter>
    </ClInclude>
    <ClInclude Include="..\src\core\matop.inl.hpp">
      <Filter>core</Filter>
    </ClInclude>
    <ClInclude Include="..\src\core\matrix.h">
      <Filter>core</Filter>
    </ClInclude>
    <ClInclude Include="..\src\core\matrix.inl.hpp">
      <Filter>core</Filter>
    </ClInclude>
  </ItemGroup>
</Project>